
Microsoft Visual Studio Solution File, Format Version 12.00
Project("{FAE04EC0-301F-11D3-BF4B-00C04F79EFBC}") = "sharpkmeans", "sharpkmeans\sharpkmeans.csproj", "{627A15A1-0417-43C1-9899-5447CE794F40}"
EndProject
Project("{FAE04EC0-301F-11D3-BF4B-00C04F79EFBC}") = "sharpkmeans.tests", "sharpkmeans.tests\sharpkmeans.tests.csproj", "{9B538947-6787-4684-95CC-5A46E0C55500}"
EndProject
Project("{FAE04EC0-301F-11D3-BF4B-00C04F79EFBC}") = "sharpkmeans.demo", "sharpkmeans.demo\sharpkmeans.demo.csproj", "{05ABD01A-64D1-40F9-922A-DE62199DDCA7}"
EndProject
Global
	GlobalSection(SolutionConfigurationPlatforms) = preSolution
		Debug|Any CPU = Debug|Any CPU
		Release|Any CPU = Release|Any CPU
	EndGlobalSection
	GlobalSection(ProjectConfigurationPlatforms) = postSolution
		{C873D17C-F218-4DE1-84F0-A384E05C4211}.Debug|Any CPU.ActiveCfg = Debug|Any CPU
		{C873D17C-F218-4DE1-84F0-A384E05C4211}.Debug|Any CPU.Build.0 = Debug|Any CPU
		{C873D17C-F218-4DE1-84F0-A384E05C4211}.Release|Any CPU.ActiveCfg = Release|Any CPU
		{C873D17C-F218-4DE1-84F0-A384E05C4211}.Release|Any CPU.Build.0 = Release|Any CPU
		{4658D996-9D61-41CD-8B90-A1B0B3381D72}.Debug|Any CPU.ActiveCfg = Debug|Any CPU
		{4658D996-9D61-41CD-8B90-A1B0B3381D72}.Debug|Any CPU.Build.0 = Debug|Any CPU
		{4658D996-9D61-41CD-8B90-A1B0B3381D72}.Release|Any CPU.ActiveCfg = Release|Any CPU
		{4658D996-9D61-41CD-8B90-A1B0B3381D72}.Release|Any CPU.Build.0 = Release|Any CPU
		{627A15A1-0417-43C1-9899-5447CE794F40}.Debug|Any CPU.ActiveCfg = Debug|Any CPU
		{627A15A1-0417-43C1-9899-5447CE794F40}.Debug|Any CPU.Build.0 = Debug|Any CPU
		{627A15A1-0417-43C1-9899-5447CE794F40}.Release|Any CPU.ActiveCfg = Release|Any CPU
		{627A15A1-0417-43C1-9899-5447CE794F40}.Release|Any CPU.Build.0 = Release|Any CPU
		{9B538947-6787-4684-95CC-5A46E0C55500}.Debug|Any CPU.ActiveCfg = Debug|Any CPU
		{9B538947-6787-4684-95CC-5A46E0C55500}.Debug|Any CPU.Build.0 = Debug|Any CPU
		{9B538947-6787-4684-95CC-5A46E0C55500}.Release|Any CPU.ActiveCfg = Release|Any CPU
		{9B538947-6787-4684-95CC-5A46E0C55500}.Release|Any CPU.Build.0 = Release|Any CPU
		{05ABD01A-64D1-40F9-922A-DE62199DDCA7}.Debug|Any CPU.ActiveCfg = Debug|Any CPU
		{05ABD01A-64D1-40F9-922A-DE62199DDCA7}.Debug|Any CPU.Build.0 = Debug|Any CPU
		{05ABD01A-64D1-40F9-922A-DE62199DDCA7}.Release|Any CPU.ActiveCfg = Release|Any CPU
		{05ABD01A-64D1-40F9-922A-DE62199DDCA7}.Release|Any CPU.Build.0 = Release|Any CPU
	EndGlobalSection
EndGlobal
